
Microsoft Visual Studio Solution File, Format Version 12.00
# Visual Studio Version 16
VisualStudioVersion = 16.0.30503.244
MinimumVisualStudioVersion = 10.0.40219.1
Project("{FAE04EC0-301F-11D3-BF4B-00C04F79EFBC}") = "Pythagoras", "Pythagoras.csproj", "{522BA3B2-60EF-465E-BBE7-210FE0CDA3FB}"
EndProject
Global
	GlobalSection(SolutionConfigurationPlatforms) = preSolution
		Debug|Any CPU = Debug|Any CPU
		Release|Any CPU = Release|Any CPU
	EndGlobalSection
	GlobalSection(ProjectConfigurationPlatforms) = postSolution
		{522BA3B2-60EF-465E-BBE7-210FE0CDA3FB}.Debug|Any CPU.ActiveCfg = Debug|Any CPU
		{522BA3B2-60EF-465E-BBE7-210FE0CDA3FB}.Debug|Any CPU.Build.0 = Debug|Any CPU
		{522BA3B2-60EF-465E-BBE7-210FE0CDA3FB}.Release|Any CPU.ActiveCfg = Release|Any CPU
		{522BA3B2-60EF-465E-BBE7-210FE0CDA3FB}.Release|Any CPU.Build.0 = Release|Any CPU
	EndGlobalSection
	GlobalSection(SolutionProperties) = preSolution
		HideSolutionNode = FALSE
	EndGlobalSection
	GlobalSection(ExtensibilityGlobals) = postSolution
		SolutionGuid = {0C39C1D4-C3CE-4583-86DD-A74C7C572262}
	EndGlobalSection
EndGlobal
